// !$*UTF8*$!
{
	archiveVersion = 1;
	classes = {
	};
	objectVersion = 46;
	objects = {

/* Begin PBXBuildFile section */
		992D25A914BCD3AF00BDAE86 /* UIKit.framework in Frameworks */ = {isa = PBXBuildFile; fileRef = 992D25A814BCD3AF00BDAE86 /* UIKit.framework */; };
		992D25AB14BCD3AF00BDAE86 /* Foundation.framework in Frameworks */ = {isa = PBXBuildFile; fileRef = 992D25AA14BCD3AF00BDAE86 /* Foundation.framework */; };
		992D25AD14BCD3AF00BDAE86 /* CoreGraphics.framework in Frameworks */ = {isa = PBXBuildFile; fileRef = 992D25AC14BCD3AF00BDAE86 /* CoreGraphics.framework */; };
		992D25B314BCD3AF00BDAE86 /* InfoPlist.strings in Resources */ = {isa = PBXBuildFile; fileRef = 992D25B114BCD3AF00BDAE86 /* InfoPlist.strings */; };
		992D25B514BCD3AF00BDAE86 /* main.m in Sources */ = {isa = PBXBuildFile; fileRef = 992D25B414BCD3AF00BDAE86 /* main.m */; };
		992D25B914BCD3AF00BDAE86 /* AppDelegate.m in Sources */ = {isa = PBXBuildFile; fileRef = 992D25B814BCD3AF00BDAE86 /* AppDelegate.m */; };
		992D25BC14BCD3AF00BDAE86 /* ViewController.m in Sources */ = {isa = PBXBuildFile; fileRef = 992D25BB14BCD3AF00BDAE86 /* ViewController.m */; };
		992D25BF14BCD3AF00BDAE86 /* ViewController.xib in Resources */ = {isa = PBXBuildFile; fileRef = 992D25BD14BCD3AF00BDAE86 /* ViewController.xib */; };
		992D25C814BCD68D00BDAE86 /* FirstViewController.m in Sources */ = {isa = PBXBuildFile; fileRef = 992D25C714BCD68D00BDAE86 /* FirstViewController.m */; };
		992D25CB14BCD75700BDAE86 /* ViewStackManager.m in Sources */ = {isa = PBXBuildFile; fileRef = 992D25CA14BCD75700BDAE86 /* ViewStackManager.m */; };
/* End PBXBuildFile section */

/* Begin PBXFileReference section */
		992D25A414BCD3AF00BDAE86 /* ViewStackManager.app */ = {isa = PBXFileReference; explicitFileType = wrapper.application; includeInIndex = 0; path = ViewStackManager.app; sourceTree = BUILT_PRODUCTS_DIR; };
		992D25A814BCD3AF00BDAE86 /* UIKit.framework */ = {isa = PBXFileReference; lastKnownFileType = wrapper.framework; name = UIKit.framework; path = System/Library/Frameworks/UIKit.framework; sourceTree = SDKROOT; };
		992D25AA14BCD3AF00BDAE86 /* Foundation.framework */ = {isa = PBXFileReference; lastKnownFileType = wrapper.framework; name = Foundation.framework; path = System/Library/Frameworks/Foundation.framework; sourceTree = SDKROOT; };
		992D25AC14BCD3AF00BDAE86 /* CoreGraphics.framework */ = {isa = PBXFileReference; lastKnownFileType = wrapper.framework; name = CoreGraphics.framework; path = System/Library/Frameworks/CoreGraphics.framework; sourceTree = SDKROOT; };
		992D25B014BCD3AF00BDAE86 /* ViewStackManager-Info.plist */ = {isa = PBXFileReference; lastKnownFileType = text.plist.xml; path = "ViewStackManager-Info.plist"; sourceTree = "<group>"; };
		992D25B214BCD3AF00BDAE86 /* en */ = {isa = PBXFileReference; lastKnownFileType = text.plist.strings; name = en; path = en.lproj/InfoPlist.strings; sourceTree = "<group>"; };
		992D25B414BCD3AF00BDAE86 /* main.m */ = {isa = PBXFileReference; lastKnownFileType = sourcecode.c.objc; path = main.m; sourceTree = "<group>"; };
		992D25B614BCD3AF00BDAE86 /* ViewStackManager-Prefix.pch */ = {isa = PBXFileReference; lastKnownFileType = sourcecode.c.h; path = "ViewStackManager-Prefix.pch"; sourceTree = "<group>"; };
		992D25B714BCD3AF00BDAE86 /* AppDelegate.h */ = {isa = PBXFileReference; lastKnownFileType = sourcecode.c.h; path = AppDelegate.h; sourceTree = "<group>"; };
		992D25B814BCD3AF00BDAE86 /* AppDelegate.m */ = {isa = PBXFileReference; lastKnownFileType = sourcecode.c.objc; path = AppDelegate.m; sourceTree = "<group>"; };
		992D25BA14BCD3AF00BDAE86 /* ViewController.h */ = {isa = PBXFileReference; lastKnownFileType = sourcecode.c.h; path = ViewController.h; sourceTree = "<group>"; };
		992D25BB14BCD3AF00BDAE86 /* ViewController.m */ = {isa = PBXFileReference; lastKnownFileType = sourcecode.c.objc; path = ViewController.m; sourceTree = "<group>"; };
		992D25BE14BCD3AF00BDAE86 /* en */ = {isa = PBXFileReference; lastKnownFileType = file.xib; name = en; path = en.lproj/ViewController.xib; sourceTree = "<group>"; };
		992D25C614BCD68D00BDAE86 /* FirstViewController.h */ = {isa = PBXFileReference; fileEncoding = 4; lastKnownFileType = sourcecode.c.h; path = FirstViewController.h; sourceTree = "<group>"; };
		992D25C714BCD68D00BDAE86 /* FirstViewController.m */ = {isa = PBXFileReference; fileEncoding = 4; lastKnownFileType = sourcecode.c.objc; path = FirstViewController.m; sourceTree = "<group>"; };
		992D25C914BCD75700BDAE86 /* ViewStackManager.h */ = {isa = PBXFileReference; fileEncoding = 4; lastKnownFileType = sourcecode.c.h; path = ViewStackManager.h; sourceTree = "<group>"; };
		992D25CA14BCD75700BDAE86 /* ViewStackManager.m */ = {isa = PBXFileReference; fileEncoding = 4; lastKnownFileType = sourcecode.c.objc; path = ViewStackManager.m; sourceTree = "<group>"; };
/* End PBXFileReference section */

/* Begin PBXFrameworksBuildPhase section */
		992D25A114BCD3AF00BDAE86 /* Frameworks */ = {
			isa = PBXFrameworksBuildPhase;
			buildActionMask = 2147483647;
			files = (
				992D25A914BCD3AF00BDAE86 /* UIKit.framework in Frameworks */,
				992D25AB14BCD3AF00BDAE86 /* Foundation.framework in Frameworks */,
				992D25AD14BCD3AF00BDAE86 /* CoreGraphics.framework in Frameworks */,
			);
			runOnlyForDeploymentPostprocessing = 0;
		};
/* End PBXFrameworksBuildPhase section */

/* Begin PBXGroup section */
		992D259914BCD3AE00BDAE86 = {
			isa = PBXGroup;
			children = (
				992D25C514BCD48500BDAE86 /* Frames */,
				992D25AE14BCD3AF00BDAE86 /* ViewStackManager */,
				992D25A714BCD3AF00BDAE86 /* Frameworks */,
				992D25A514BCD3AF00BDAE86 /* Products */,
			);
			sourceTree = "<group>";
		};
		992D25A514BCD3AF00BDAE86 /* Products */ = {
			isa = PBXGroup;
			children = (
				992D25A414BCD3AF00BDAE86 /* ViewStackManager.app */,
			);
			name = Products;
			sourceTree = "<group>";
		};
		992D25A714BCD3AF00BDAE86 /* Frameworks */ = {
			isa = PBXGroup;
			children = (
				992D25A814BCD3AF00BDAE86 /* UIKit.framework */,
				992D25AA14BCD3AF00BDAE86 /* Foundation.framework */,
				992D25AC14BCD3AF00BDAE86 /* CoreGraphics.framework */,
			);
			name = Frameworks;
			sourceTree = "<group>";
		};
		992D25AE14BCD3AF00BDAE86 /* ViewStackManager */ = {
			isa = PBXGroup;
			children = (
				992D25B714BCD3AF00BDAE86 /* AppDelegate.h */,
				992D25B814BCD3AF00BDAE86 /* AppDelegate.m */,
				992D25BA14BCD3AF00BDAE86 /* ViewController.h */,
				992D25BB14BCD3AF00BDAE86 /* ViewController.m */,
				992D25BD14BCD3AF00BDAE86 /* ViewController.xib */,
				992D25AF14BCD3AF00BDAE86 /* Supporting Files */,
				992D25C914BCD75700BDAE86 /* ViewStackManager.h */,
				992D25CA14BCD75700BDAE86 /* ViewStackManager.m */,
			);
			path = ViewStackManager;
			sourceTree = "<group>";
		};
		992D25AF14BCD3AF00BDAE86 /* Supporting Files */ = {
			isa = PBXGroup;
			children = (
				992D25B014BCD3AF00BDAE86 /* ViewStackManager-Info.plist */,
				992D25B114BCD3AF00BDAE86 /* InfoPlist.strings */,
				992D25B414BCD3AF00BDAE86 /* main.m */,
				992D25B614BCD3AF00BDAE86 /* ViewStackManager-Prefix.pch */,
			);
			name = "Supporting Files";
			sourceTree = "<group>";
		};
		992D25C514BCD48500BDAE86 /* Frames */ = {
			isa = PBXGroup;
			children = (
				992D25C614BCD68D00BDAE86 /* FirstViewController.h */,
				992D25C714BCD68D00BDAE86 /* FirstViewController.m */,
			);
			name = Frames;
			path = ViewStackManager;
			sourceTree = "<group>";
		};
/* End PBXGroup section */

/* Begin PBXNativeTarget section */
		992D25A314BCD3AF00BDAE86 /* ViewStackManager */ = {
			isa = PBXNativeTarget;
			buildConfigurationList = 992D25C214BCD3AF00BDAE86 /* Build configuration list for PBXNativeTarget "ViewStackManager" */;
			buildPhases = (
				992D25A014BCD3AF00BDAE86 /* Sources */,
				992D25A114BCD3AF00BDAE86 /* Frameworks */,
				992D25A214BCD3AF00BDAE86 /* Resources */,
			);
			buildRules = (
			);
			dependencies = (
			);
			name = ViewStackManager;
			productName = ViewStackManager;
			productReference = 992D25A414BCD3AF00BDAE86 /* ViewStackManager.app */;
			productType = "com.apple.product-type.application";
		};
/* End PBXNativeTarget section */

/* Begin PBXProject section */
		992D259B14BCD3AE00BDAE86 /* Project object */ = {
			isa = PBXProject;
			attributes = {
				LastUpgradeCheck = 0420;
				ORGANIZATIONNAME = Akademie;
			};
			buildConfigurationList = 992D259E14BCD3AE00BDAE86 /* Build configuration list for PBXProject "ViewStackManager" */;
			compatibilityVersion = "Xcode 3.2";
			developmentRegion = English;
			hasScannedForEncodings = 0;
			knownRegions = (
				en,
			);
			mainGroup = 992D259914BCD3AE00BDAE86;
			productRefGroup = 992D25A514BCD3AF00BDAE86 /* Products */;
			projectDirPath = "";
			projectRoot = "";
			targets = (
				992D25A314BCD3AF00BDAE86 /* ViewStackManager */,
			);
		};
/* End PBXProject section */

/* Begin PBXResourcesBuildPhase section */
		992D25A214BCD3AF00BDAE86 /* Resources */ = {
			isa = PBXResourcesBuildPhase;
			buildActionMask = 2147483647;
			files = (
				992D25B314BCD3AF00BDAE86 /* InfoPlist.strings in Resources */,
				992D25BF14BCD3AF00BDAE86 /* ViewController.xib in Resources */,
			);
			runOnlyForDeploymentPostprocessing = 0;
		};
/* End PBXResourcesBuildPhase section */

/* Begin PBXSourcesBuildPhase section */
		992D25A014BCD3AF00BDAE86 /* Sources */ = {
			isa = PBXSourcesBuildPhase;
			buildActionMask = 2147483647;
			files = (
				992D25B514BCD3AF00BDAE86 /* main.m in Sources */,
				992D25B914BCD3AF00BDAE86 /* AppDelegate.m in Sources */,
				992D25BC14BCD3AF00BDAE86 /* ViewController.m in Sources */,
				992D25C814BCD68D00BDAE86 /* FirstViewController.m in Sources */,
				992D25CB14BCD75700BDAE86 /* ViewStackManager.m in Sources */,
			);
			runOnlyForDeploymentPostprocessing = 0;
		};
/* End PBXSourcesBuildPhase section */

/* Begin PBXVariantGroup section */
		992D25B114BCD3AF00BDAE86 /* InfoPlist.strings */ = {
			isa = PBXVariantGroup;
			children = (
				992D25B214BCD3AF00BDAE86 /* en */,
			);
			name = InfoPlist.strings;
			sourceTree = "<group>";
		};
		992D25BD14BCD3AF00BDAE86 /* ViewController.xib */ = {
			isa = PBXVariantGroup;
			children = (
				992D25BE14BCD3AF00BDAE86 /* en */,
			);
			name = ViewController.xib;
			sourceTree = "<group>";
		};
/* End PBXVariantGroup section */

/* Begin XCBuildConfiguration section */
		992D25C014BCD3AF00BDAE86 /* Debug */ = {
			isa = XCBuildConfiguration;
			buildSettings = {
				ALWAYS_SEARCH_USER_PATHS = NO;
				ARCHS = "$(ARCHS_STANDARD_32_BIT)";
				CLANG_ENABLE_OBJC_ARC = YES;
				"CODE_SIGN_IDENTITY[sdk=iphoneos*]" = "iPhone Developer";
				COPY_PHASE_STRIP = NO;
				GCC_C_LANGUAGE_STANDARD = gnu99;
				GCC_DYNAMIC_NO_PIC = NO;
				GCC_OPTIMIZATION_LEVEL = 0;
				GCC_PREPROCESSOR_DEFINITIONS = (
					"DEBUG=1",
					"$(inherited)",
				);
				GCC_SYMBOLS_PRIVATE_EXTERN = NO;
				GCC_VERSION = com.apple.compilers.llvm.clang.1_0;
				GCC_WARN_ABOUT_MISSING_PROTOTYPES = YES;
				GCC_WARN_ABOUT_RETURN_TYPE = YES;
				GCC_WARN_UNUSED_VARIABLE = YES;
				IPHONEOS_DEPLOYMENT_TARGET = 5.0;
				SDKROOT = iphoneos;
				TARGETED_DEVICE_FAMILY = 2;
			};
			name = Debug;
		};
		992D25C114BCD3AF00BDAE86 /* Release */ = {
			isa = XCBuildConfiguration;
			buildSettings = {
				ALWAYS_SEARCH_USER_PATHS = NO;
				ARCHS = "$(ARCHS_STANDARD_32_BIT)";
				CLANG_ENABLE_OBJC_ARC = YES;
				"CODE_SIGN_IDENTITY[sdk=iphoneos*]" = "iPhone Developer";
				COPY_PHASE_STRIP = YES;
				GCC_C_LANGUAGE_STANDARD = gnu99;
				GCC_VERSION = com.apple.compilers.llvm.clang.1_0;
				GCC_WARN_ABOUT_MISSING_PROTOTYPES = YES;
				GCC_WARN_ABOUT_RETURN_TYPE = YES;
				GCC_WARN_UNUSED_VARIABLE = YES;
				IPHONEOS_DEPLOYMENT_TARGET = 5.0;
				OTHER_CFLAGS = "-DNS_BLOCK_ASSERTIONS=1";
				SDKROOT = iphoneos;
				TARGETED_DEVICE_FAMILY = 2;
				VALIDATE_PRODUCT = YES;
			};
			name = Release;
		};
		992D25C314BCD3AF00BDAE86 /* Debug */ = {
			isa = XCBuildConfiguration;
			buildSettings = {
				GCC_PRECOMPILE_PREFIX_HEADER = YES;
				GCC_PREFIX_HEADER = "ViewStackManager/ViewStackManager-Prefix.pch";
				INFOPLIST_FILE = "ViewStackManager/ViewStackManager-Info.plist";
				PRODUCT_NAME = "$(TARGET_NAME)";
				WRAPPER_EXTENSION = app;
			};
			name = Debug;
		};
		992D25C414BCD3AF00BDAE86 /* Release */ = {
			isa = XCBuildConfiguration;
			buildSettings = {
				GCC_PRECOMPILE_PREFIX_HEADER = YES;
				GCC_PREFIX_HEADER = "ViewStackManager/ViewStackManager-Prefix.pch";
				INFOPLIST_FILE = "ViewStackManager/ViewStackManager-Info.plist";
				PRODUCT_NAME = "$(TARGET_NAME)";
				WRAPPER_EXTENSION = app;
			};
			name = Release;
		};
/* End XCBuildConfiguration section */

/* Begin XCConfigurationList section */
		992D259E14BCD3AE00BDAE86 /* Build configuration list for PBXProject "ViewStackManager" */ = {
			isa = XCConfigurationList;
			buildConfigurations = (
				992D25C014BCD3AF00BDAE86 /* Debug */,
				992D25C114BCD3AF00BDAE86 /* Release */,
			);
			defaultConfigurationIsVisible = 0;
			defaultConfigurationName = Release;
		};
		992D25C214BCD3AF00BDAE86 /* Build configuration list for PBXNativeTarget "ViewStackManager" */ = {
			isa = XCConfigurationList;
			buildConfigurations = (
				992D25C314BCD3AF00BDAE86 /* Debug */,
				992D25C414BCD3AF00BDAE86 /* Release */,
			);
			defaultConfigurationIsVisible = 0;
		};
/* End XCConfigurationList section */
	};
	rootObject = 992D259B14BCD3AE00BDAE86 /* Project object */;
}
